
Microsoft Visual Studio Solution File, Format Version 12.00
# Visual Studio Version 17
VisualStudioVersion = 17.3.32825.248
MinimumVisualStudioVersion = 10.0.40219.1
Project("{FAE04EC0-301F-11D3-BF4B-00C04F79EFBC}") = "Tic Tac Toe", "Tic Tac Toe.csproj", "{2B039CDC-8704-4A25-B017-96CD3E56BA52}"
EndProject
Global
	GlobalSection(SolutionConfigurationPlatforms) = preSolution
		Debug|Any CPU = Debug|Any CPU
		Release|Any CPU = Release|Any CPU
	EndGlobalSection
	GlobalSection(ProjectConfigurationPlatforms) = postSolution
		{2B039CDC-8704-4A25-B017-96CD3E56BA52}.Debug|Any CPU.ActiveCfg = Debug|Any CPU
		{2B039CDC-8704-4A25-B017-96CD3E56BA52}.Debug|Any CPU.Build.0 = Debug|Any CPU
		{2B039CDC-8704-4A25-B017-96CD3E56BA52}.Release|Any CPU.ActiveCfg = Release|Any CPU
		{2B039CDC-8704-4A25-B017-96CD3E56BA52}.Release|Any CPU.Build.0 = Release|Any CPU
	EndGlobalSection
	GlobalSection(SolutionProperties) = preSolution
		HideSolutionNode = FALSE
	EndGlobalSection
	GlobalSection(ExtensibilityGlobals) = postSolution
		SolutionGuid = {35B7D14C-C318-4BD4-85A7-74B5C83D1A5C}
	EndGlobalSection
EndGlobal
